<?xml version="1.0" encoding="utf-8"?>
<Project ToolsVersion="4.0" xmlns="http://schemas.microsoft.com/developer/msbuild/2003">
  <ItemGroup>
    <Filter Include="源文件">
      <UniqueIdentifier>{4FC737F1-C7A5-4376-A066-2A32D752A2FF}</UniqueIdentifier>
      <Extensions>cpp;c;cc;cxx;c++;cppm;ixx;def;odl;idl;hpj;bat;asm;asmx</Extensions>
    </Filter>
    <Filter Include="头文件">
      <UniqueIdentifier>{93995380-89BD-4b04-88EB-625FBE52EBFB}</UniqueIdentifier>
      <Extensions>h;hh;hpp;hxx;h++;hm;inl;inc;ipp;xsd</Extensions>
    </Filter>
    <Filter Include="资源文件">
      <UniqueIdentifier>{67DA6AB6-F800-4c08-8B7A-83BB121AAD01}</UniqueIdentifier>
      <Extensions>rc;ico;cur;bmp;dlg;rc2;rct;bin;rgs;gif;jpg;jpeg;jpe;resx;tiff;tif;png;wav;mfcribbon-ms</Extensions>
    </Filter>
    <Filter Include="源文件\cJSON">
      <UniqueIdentifier>{52fc5abf-59fb-43c6-b414-ef4b69bd6f13}</UniqueIdentifier>
    </Filter>
    <Filter Include="头文件\manager">
      <UniqueIdentifier>{94c3f7e9-77d4-46bb-85fa-d39cbfb4d12a}</UniqueIdentifier>
    </Filter>
    <Filter Include="头文件\enemy">
      <UniqueIdentifier>{e7431a2e-0f60-4ddd-bf6f-614eb54850f8}</UniqueIdentifier>
    </Filter>
    <Filter Include="头文件\bullet">
      <UniqueIdentifier>{38dc8e75-46df-48b4-988f-cc5459c23aee}</UniqueIdentifier>
    </Filter>
    <Filter Include="头文件\tower">
      <UniqueIdentifier>{c60a0990-53e2-4e19-9e7c-d97110c9ff0d}</UniqueIdentifier>
    </Filter>
    <Filter Include="头文件\ui">
      <UniqueIdentifier>{90bb5be5-9534-41b4-bef7-a79f9d932fce}</UniqueIdentifier>
    </Filter>
  </ItemGroup>
  <ItemGroup>
    <ClCompile Include="main.cpp">
      <Filter>源文件</Filter>
    </ClCompile>
    <ClCompile Include="..\thirdParty\cJSON\cJSON.c">
      <Filter>源文件\cJSON</Filter>
    </ClCompile>
    <ClCompile Include="test.cpp">
      <Filter>源文件</Filter>
    </ClCompile>
    <ClCompile Include="game_manager.h">
      <Filter>头文件\manager</Filter>
    </ClCompile>
    <ClCompile Include="slim_enemy.h">
      <Filter>头文件\enemy</Filter>
    </ClCompile>
    <ClCompile Include="archer_tower.h">
      <Filter>头文件\tower</Filter>
    </ClCompile>
    <ClCompile Include="axeman_tower.h">
      <Filter>头文件\tower</Filter>
    </ClCompile>
  </ItemGroup>
  <ItemGroup>
    <ClInclude Include="manager.h">
      <Filter>头文件\manager</Filter>
    </ClInclude>
    <ClInclude Include="tile.h">
      <Filter>头文件</Filter>
    </ClInclude>
    <ClInclude Include="map.h">
      <Filter>头文件</Filter>
    </ClInclude>
    <ClInclude Include="route.h">
      <Filter>头文件</Filter>
    </ClInclude>
    <ClInclude Include="config_manager.h">
      <Filter>头文件\manager</Filter>
    </ClInclude>
    <ClInclude Include="wave.h">
      <Filter>头文件</Filter>
    </ClInclude>
    <ClInclude Include="enemy_type.h">
      <Filter>头文件\enemy</Filter>
    </ClInclude>
    <ClInclude Include="resource_manager.h">
      <Filter>头文件\manager</Filter>
    </ClInclude>
    <ClInclude Include="animation.h">
      <Filter>头文件</Filter>
    </ClInclude>
    <ClInclude Include="timer.h">
      <Filter>头文件</Filter>
    </ClInclude>
    <ClInclude Include="vector2.h">
      <Filter>头文件</Filter>
    </ClInclude>
    <ClInclude Include="enemy_manager.h">
      <Filter>头文件\manager</Filter>
    </ClInclude>
    <ClInclude Include="coin_manager.h">
      <Filter>头文件\manager</Filter>
    </ClInclude>
    <ClInclude Include="home_manager.h">
      <Filter>头文件\manager</Filter>
    </ClInclude>
    <ClInclude Include="wave_manager.h">
      <Filter>头文件\manager</Filter>
    </ClInclude>
    <ClInclude Include="goblin_enemy.h">
      <Filter>头文件\enemy</Filter>
    </ClInclude>
    <ClInclude Include="goblin_priest.h">
      <Filter>头文件\enemy</Filter>
    </ClInclude>
    <ClInclude Include="skeleton_enemy.h">
      <Filter>头文件\enemy</Filter>
    </ClInclude>
    <ClInclude Include="slim_king_enemy.h">
      <Filter>头文件\enemy</Filter>
    </ClInclude>
    <ClInclude Include="enemy.h">
      <Filter>头文件\enemy</Filter>
    </ClInclude>
    <ClInclude Include="bullet.h">
      <Filter>头文件\bullet</Filter>
    </ClInclude>
    <ClInclude Include="arrow_bullet.h">
      <Filter>头文件\bullet</Filter>
    </ClInclude>
    <ClInclude Include="axe_bullet.h">
      <Filter>头文件\bullet</Filter>
    </ClInclude>
    <ClInclude Include="shell_bullet.h">
      <Filter>头文件\bullet</Filter>
    </ClInclude>
    <ClInclude Include="bullet_manager.h">
      <Filter>头文件\manager</Filter>
    </ClInclude>
    <ClInclude Include="bullet_type.h">
      <Filter>头文件\bullet</Filter>
    </ClInclude>
    <ClInclude Include="tower.h">
      <Filter>头文件\tower</Filter>
    </ClInclude>
    <ClInclude Include="tower_type.h">
      <Filter>头文件\tower</Filter>
    </ClInclude>
    <ClInclude Include="facing.h">
      <Filter>头文件</Filter>
    </ClInclude>
    <ClInclude Include="gunner_tower.h">
      <Filter>头文件\tower</Filter>
    </ClInclude>
    <ClInclude Include="tower_manager.h">
      <Filter>头文件\manager</Filter>
    </ClInclude>
    <ClInclude Include="coin_prop.h">
      <Filter>头文件</Filter>
    </ClInclude>
    <ClInclude Include="status_bar.h">
      <Filter>头文件\ui</Filter>
    </ClInclude>
    <ClInclude Include="panel.h">
      <Filter>头文件\ui</Filter>
    </ClInclude>
  </ItemGroup>
</Project>